// !$*UTF8*$!
{
	archiveVersion = 1;
	classes = {
	};
	objectVersion = 48;
	objects = {

/* Begin PBXBuildFile section */
		25B4EF4C95C7E6B458EBB40C /* Pods_TeamCaring.framework in Frameworks */ = {isa = PBXBuildFile; fileRef = 07878C560ACFF7E8964C80DE /* Pods_TeamCaring.framework */; };
		613D602C1FE3993C001557B4 /* MainTabViewController.swift in Sources */ = {isa = PBXBuildFile; fileRef = 613D602B1FE3993C001557B4 /* MainTabViewController.swift */; };
		613D602E1FE3AFBA001557B4 /* AlertTableViewCell.swift in Sources */ = {isa = PBXBuildFile; fileRef = 613D602D1FE3AFBA001557B4 /* AlertTableViewCell.swift */; };
		613EA81D1FD5249700334ADB /* MemberListCViewCell.swift in Sources */ = {isa = PBXBuildFile; fileRef = 613EA81C1FD5249700334ADB /* MemberListCViewCell.swift */; };
		614987A01FD118DB00EFE953 /* FBToken.swift in Sources */ = {isa = PBXBuildFile; fileRef = 6149879F1FD118DB00EFE953 /* FBToken.swift */; };
		619F1BDC1FD006680082C948 /* SearchLeaderVC.swift in Sources */ = {isa = PBXBuildFile; fileRef = 619F1BDB1FD006680082C948 /* SearchLeaderVC.swift */; };
		619F1BDE1FD017FA0082C948 /* DetailTeamVC.swift in Sources */ = {isa = PBXBuildFile; fileRef = 619F1BDD1FD017FA0082C948 /* DetailTeamVC.swift */; };
		61ABABD01FCFB00700D3AC23 /* CalTableViewCell.swift in Sources */ = {isa = PBXBuildFile; fileRef = 61ABABCE1FCFB00700D3AC23 /* CalTableViewCell.swift */; };
		61ABABD11FCFB00700D3AC23 /* CalTableViewCell.xib in Resources */ = {isa = PBXBuildFile; fileRef = 61ABABCF1FCFB00700D3AC23 /* CalTableViewCell.xib */; };
		61B68E821FD5011F00957A92 /* TTThanhVienVC.swift in Sources */ = {isa = PBXBuildFile; fileRef = 61B68E811FD5011F00957A92 /* TTThanhVienVC.swift */; };
		61B68E841FD50ADE00957A92 /* ListMemberTreeVC.swift in Sources */ = {isa = PBXBuildFile; fileRef = 61B68E831FD50ADE00957A92 /* ListMemberTreeVC.swift */; };
		61C2B91E1FD8046F0090A32D /* NewTeamListVC.swift in Sources */ = {isa = PBXBuildFile; fileRef = 61C2B91D1FD8046F0090A32D /* NewTeamListVC.swift */; };
		61C2EE241FD69609007062E9 /* SelectTeamMemVC.swift in Sources */ = {isa = PBXBuildFile; fileRef = 61C2EE231FD69609007062E9 /* SelectTeamMemVC.swift */; };
		61C51D811FC6A41A00BCDCC2 /* lato-bold.ttf in Resources */ = {isa = PBXBuildFile; fileRef = 61C51D6F1FC6A40400BCDCC2 /* lato-bold.ttf */; };
		61C51D821FC6A41A00BCDCC2 /* lato-black.ttf in Resources */ = {isa = PBXBuildFile; fileRef = 61C51D701FC6A40600BCDCC2 /* lato-black.ttf */; };
		61C51D831FC6A41A00BCDCC2 /* lato-heavy.ttf in Resources */ = {isa = PBXBuildFile; fileRef = 61C51D711FC6A40900BCDCC2 /* lato-heavy.ttf */; };
		61C51D841FC6A41A00BCDCC2 /* lato-blackitalic.ttf in Resources */ = {isa = PBXBuildFile; fileRef = 61C51D721FC6A40A00BCDCC2 /* lato-blackitalic.ttf */; };
		61C51D851FC6A41A00BCDCC2 /* lato-lightitalic.ttf in Resources */ = {isa = PBXBuildFile; fileRef = 61C51D731FC6A40B00BCDCC2 /* lato-lightitalic.ttf */; };
		61C51D861FC6A41A00BCDCC2 /* lato-thin.ttf in Resources */ = {isa = PBXBuildFile; fileRef = 61C51D741FC6A40C00BCDCC2 /* lato-thin.ttf */; };
		61C51D871FC6A41A00BCDCC2 /* lato-bolditalic.ttf in Resources */ = {isa = PBXBuildFile; fileRef = 61C51D751FC6A40E00BCDCC2 /* lato-bolditalic.ttf */; };
		61C51D881FC6A41A00BCDCC2 /* lato-light.ttf in Resources */ = {isa = PBXBuildFile; fileRef = 61C51D761FC6A40F00BCDCC2 /* lato-light.ttf */; };
		61C51D891FC6A41A00BCDCC2 /* lato-regular.ttf in Resources */ = {isa = PBXBuildFile; fileRef = 61C51D771FC6A41000BCDCC2 /* lato-regular.ttf */; };
		61C51D8A1FC6A41A00BCDCC2 /* lato-hairline.ttf in Resources */ = {isa = PBXBuildFile; fileRef = 61C51D781FC6A41100BCDCC2 /* lato-hairline.ttf */; };
		61C51D8B1FC6A41A00BCDCC2 /* lato-heavyitalic.ttf in Resources */ = {isa = PBXBuildFile; fileRef = 61C51D791FC6A41200BCDCC2 /* lato-heavyitalic.ttf */; };
		61C51D8C1FC6A41A00BCDCC2 /* lato-mediumitalic.ttf in Resources */ = {isa = PBXBuildFile; fileRef = 61C51D7A1FC6A41300BCDCC2 /* lato-mediumitalic.ttf */; };
		61C51D8D1FC6A41A00BCDCC2 /* lato-semibold.ttf in Resources */ = {isa = PBXBuildFile; fileRef = 61C51D7B1FC6A41400BCDCC2 /* lato-semibold.ttf */; };
		61C51D8E1FC6A41A00BCDCC2 /* lato-medium.ttf in Resources */ = {isa = PBXBuildFile; fileRef = 61C51D7C1FC6A41500BCDCC2 /* lato-medium.ttf */; };
		61C51D8F1FC6A41A00BCDCC2 /* lato-hairlineitalic.ttf in Resources */ = {isa = PBXBuildFile; fileRef = 61C51D7D1FC6A41600BCDCC2 /* lato-hairlineitalic.ttf */; };
		61C51D901FC6A41A00BCDCC2 /* lato-thinitalic.ttf in Resources */ = {isa = PBXBuildFile; fileRef = 61C51D7E1FC6A41700BCDCC2 /* lato-thinitalic.ttf */; };
		61C51D911FC6A41A00BCDCC2 /* lato-semibolditalic.ttf in Resources */ = {isa = PBXBuildFile; fileRef = 61C51D7F1FC6A41800BCDCC2 /* lato-semibolditalic.ttf */; };
		61C51D921FC6A41A00BCDCC2 /* lato-italic.ttf in Resources */ = {isa = PBXBuildFile; fileRef = 61C51D801FC6A41900BCDCC2 /* lato-italic.ttf */; };
		61C51D941FC6B54B00BCDCC2 /* UpdatePViewController.swift in Sources */ = {isa = PBXBuildFile; fileRef = 61C51D931FC6B54B00BCDCC2 /* UpdatePViewController.swift */; };
		61D5D2431FF2062A003A14BD /* ChiTietCuocHenVC.swift in Sources */ = {isa = PBXBuildFile; fileRef = 61D5D2421FF2062A003A14BD /* ChiTietCuocHenVC.swift */; };
		61D5D2451FF206AF003A14BD /* ChiTietCuocHenVCell.swift in Sources */ = {isa = PBXBuildFile; fileRef = 61D5D2441FF206AF003A14BD /* ChiTietCuocHenVCell.swift */; };
		61E14A491FD6586400D3A6F7 /* DanhSachHensVC.swift in Sources */ = {isa = PBXBuildFile; fileRef = 61E14A481FD6586400D3A6F7 /* DanhSachHensVC.swift */; };
		61E14A4B1FD6785E00D3A6F7 /* DateTimePickerVC.swift in Sources */ = {isa = PBXBuildFile; fileRef = 61E14A4A1FD6785E00D3A6F7 /* DateTimePickerVC.swift */; };
		61E6FC161FCFF9E500E6FA7F /* ListTableViewCell.swift in Sources */ = {isa = PBXBuildFile; fileRef = 61E6FC151FCFF9E500E6FA7F /* ListTableViewCell.swift */; };
		61FAE2441FD698FC0066E76B /* SelectTeamMemCell.swift in Sources */ = {isa = PBXBuildFile; fileRef = 61FAE2431FD698FC0066E76B /* SelectTeamMemCell.swift */; };
		D32F9EBF1FD3ECAC0048D747 /* TaoCuocHenVC.swift in Sources */ = {isa = PBXBuildFile; fileRef = D32F9EBE1FD3ECAC0048D747 /* TaoCuocHenVC.swift */; };
		D3442BDC1FD308BB00392463 /* InfoViewController.swift in Sources */ = {isa = PBXBuildFile; fileRef = D3442BDB1FD308BB00392463 /* InfoViewController.swift */; };
		D367DEB21FCDCAC5008A33CB /* SelectTeamVC.swift in Sources */ = {isa = PBXBuildFile; fileRef = D367DEB11FCDCAC5008A33CB /* SelectTeamVC.swift */; };
		D367DEB41FCDD632008A33CB /* CreateNewTeamVC.swift in Sources */ = {isa = PBXBuildFile; fileRef = D367DEB31FCDD632008A33CB /* CreateNewTeamVC.swift */; };
		D37EE8361FBF2E24007A0008 /* ProfileViewController.swift in Sources */ = {isa = PBXBuildFile; fileRef = D37EE8351FBF2E24007A0008 /* ProfileViewController.swift */; };
		D37EE8381FBF2E33007A0008 /* LoginViewController.swift in Sources */ = {isa = PBXBuildFile; fileRef = D37EE8371FBF2E33007A0008 /* LoginViewController.swift */; };
		D37EE83A1FBF2E3F007A0008 /* RegisterViewController.swift in Sources */ = {isa = PBXBuildFile; fileRef = D37EE8391FBF2E3F007A0008 /* RegisterViewController.swift */; };
		D384C8061FC08B950008EB60 /* Caring.swift in Sources */ = {isa = PBXBuildFile; fileRef = D384C8051FC08B950008EB60 /* Caring.swift */; };
		D384C8081FC08C8F0008EB60 /* User.swift in Sources */ = {isa = PBXBuildFile; fileRef = D384C8071FC08C8F0008EB60 /* User.swift */; };
		D3865ABE1FBF11E800AF18C5 /* AppDelegate.swift in Sources */ = {isa = PBXBuildFile; fileRef = D3865ABD1FBF11E800AF18C5 /* AppDelegate.swift */; };
		D3865AC01FBF11E800AF18C5 /* ListViewController.swift in Sources */ = {isa = PBXBuildFile; fileRef = D3865ABF1FBF11E800AF18C5 /* ListViewController.swift */; };
		D3865AC21FBF11E800AF18C5 /* CalViewController.swift in Sources */ = {isa = PBXBuildFile; fileRef = D3865AC11FBF11E800AF18C5 /* CalViewController.swift */; };
		D3865AC51FBF11E800AF18C5 /* Main.storyboard in Resources */ = {isa = PBXBuildFile; fileRef = D3865AC31FBF11E800AF18C5 /* Main.storyboard */; };
		D3865AC71FBF11E800AF18C5 /* Assets.xcassets in Resources */ = {isa = PBXBuildFile; fileRef = D3865AC61FBF11E800AF18C5 /* Assets.xcassets */; };
		D38CEA251FD7047200F8C367 /* Team.swift in Sources */ = {isa = PBXBuildFile; fileRef = D38CEA241FD7047200F8C367 /* Team.swift */; };
		D390D8491FE18F81008DAC53 /* JoinedTeam.swift in Sources */ = {isa = PBXBuildFile; fileRef = D390D8481FE18F81008DAC53 /* JoinedTeam.swift */; };
		D399C4B61FDA439C007E1E28 /* Notification.swift in Sources */ = {isa = PBXBuildFile; fileRef = D399C4B51FDA439C007E1E28 /* Notification.swift */; };
		D39AA6F91FF0EFAD0006AC5C /* Event.swift in Sources */ = {isa = PBXBuildFile; fileRef = D39AA6F81FF0EFAD0006AC5C /* Event.swift */; };
		D3A4CE141FE4DC2800468F39 /* SData.swift in Sources */ = {isa = PBXBuildFile; fileRef = D3A4CE131FE4DC2800468F39 /* SData.swift */; };
		D3ADF8251FD858C5000FEE64 /* Leader.swift in Sources */ = {isa = PBXBuildFile; fileRef = D3ADF8241FD858C5000FEE64 /* Leader.swift */; };
		D3ADF8271FD8593C000FEE64 /* Member.swift in Sources */ = {isa = PBXBuildFile; fileRef = D3ADF8261FD8593C000FEE64 /* Member.swift */; };
		D3BE5BB01FC3254700D54964 /* AlertViewController.swift in Sources */ = {isa = PBXBuildFile; fileRef = D3BE5BAF1FC3254700D54964 /* AlertViewController.swift */; };
		D3C47C491FD43D2F009054E6 /* GoogleService-Info.plist in Resources */ = {isa = PBXBuildFile; fileRef = D3C47C481FD43D2F009054E6 /* GoogleService-Info.plist */; };
		D3CF64951FD0582E00E410DE /* FService.swift in Sources */ = {isa = PBXBuildFile; fileRef = D3CF64931FD0582D00E410DE /* FService.swift */; };
		D3CF64961FD0582E00E410DE /* Router.swift in Sources */ = {isa = PBXBuildFile; fileRef = D3CF64941FD0582D00E410DE /* Router.swift */; };
		D3DE9C631FCEFC4500607C9D /* LaunchScreen.storyboard in Resources */ = {isa = PBXBuildFile; fileRef = D3865AC81FBF11E800AF18C5 /* LaunchScreen.storyboard */; };
		D3E8DA1F1FCE278200ADB0E1 /* ChonIconViewController.swift in Sources */ = {isa = PBXBuildFile; fileRef = D3E8DA1E1FCE278200ADB0E1 /* ChonIconViewController.swift */; };
		D3F022621FF2ADBA0042C7B1 /* Note.swift in Sources */ = {isa = PBXBuildFile; fileRef = D3F022611FF2ADBA0042C7B1 /* Note.swift */; };
		D3F022641FF2B0970042C7B1 /* ChiTietGhiChuVC.swift in Sources */ = {isa = PBXBuildFile; fileRef = D3F022631FF2B0970042C7B1 /* ChiTietGhiChuVC.swift */; };
		D3FE00D91FF3D4E90063C2CA /* DetailCuocHenVC.swift in Sources */ = {isa = PBXBuildFile; fileRef = D3FE00D81FF3D4E90063C2CA /* DetailCuocHenVC.swift */; };
		D3FE00DB1FF3D7630063C2CA /* CuocHenTableViewCell.swift in Sources */ = {isa = PBXBuildFile; fileRef = D3FE00DA1FF3D7630063C2CA /* CuocHenTableViewCell.swift */; };
/* End PBXBuildFile section */

/* Begin PBXFileReference section */
		07878C560ACFF7E8964C80DE /* Pods_TeamCaring.framework */ = {isa = PBXFileReference; explicitFileType = wrapper.framework; includeInIndex = 0; path = Pods_TeamCaring.framework; sourceTree = BUILT_PRODUCTS_DIR; };
		613D602B1FE3993C001557B4 /* MainTabViewController.swift */ = {isa = PBXFileReference; lastKnownFileType = sourcecode.swift; path = MainTabViewController.swift; sourceTree = "<group>"; };
		613D602D1FE3AFBA001557B4 /* AlertTableViewCell.swift */ = {isa = PBXFileReference; lastKnownFileType = sourcecode.swift; path = AlertTableViewCell.swift; sourceTree = "<group>"; };
		613EA81C1FD5249700334ADB /* MemberListCViewCell.swift */ = {isa = PBXFileReference; lastKnownFileType = sourcecode.swift; path = MemberListCViewCell.swift; sourceTree = "<group>"; };
		6149879F1FD118DB00EFE953 /* FBToken.swift */ = {isa = PBXFileReference; lastKnownFileType = sourcecode.swift; path = FBToken.swift; sourceTree = "<group>"; };
		619F1BDB1FD006680082C948 /* SearchLeaderVC.swift */ = {isa = PBXFileReference; lastKnownFileType = sourcecode.swift; path = SearchLeaderVC.swift; sourceTree = "<group>"; };
		619F1BDD1FD017FA0082C948 /* DetailTeamVC.swift */ = {isa = PBXFileReference; lastKnownFileType = sourcecode.swift; path = DetailTeamVC.swift; sourceTree = "<group>"; };
		61ABABCE1FCFB00700D3AC23 /* CalTableViewCell.swift */ = {isa = PBXFileReference; lastKnownFileType = sourcecode.swift; path = CalTableViewCell.swift; sourceTree = "<group>"; };
		61ABABCF1FCFB00700D3AC23 /* CalTableViewCell.xib */ = {isa = PBXFileReference; lastKnownFileType = file.xib; path = CalTableViewCell.xib; sourceTree = "<group>"; };
		61B68E811FD5011F00957A92 /* TTThanhVienVC.swift */ = {isa = PBXFileReference; lastKnownFileType = sourcecode.swift; path = TTThanhVienVC.swift; sourceTree = "<group>"; };
		61B68E831FD50ADE00957A92 /* ListMemberTreeVC.swift */ = {isa = PBXFileReference; lastKnownFileType = sourcecode.swift; path = ListMemberTreeVC.swift; sourceTree = "<group>"; };
		61C2B91D1FD8046F0090A32D /* NewTeamListVC.swift */ = {isa = PBXFileReference; lastKnownFileType = sourcecode.swift; path = NewTeamListVC.swift; sourceTree = "<group>"; };
		61C2EE231FD69609007062E9 /* SelectTeamMemVC.swift */ = {isa = PBXFileReference; lastKnownFileType = sourcecode.swift; path = SelectTeamMemVC.swift; sourceTree = "<group>"; };
		61C51D6F1FC6A40400BCDCC2 /* lato-bold.ttf */ = {isa = PBXFileReference; lastKnownFileType = file; path = "lato-bold.ttf"; sourceTree = "<group>"; };
		61C51D701FC6A40600BCDCC2 /* lato-black.ttf */ = {isa = PBXFileReference; lastKnownFileType = file; path = "lato-black.ttf"; sourceTree = "<group>"; };
		61C51D711FC6A40900BCDCC2 /* lato-heavy.ttf */ = {isa = PBXFileReference; lastKnownFileType = file; path = "lato-heavy.ttf"; sourceTree = "<group>"; };
		61C51D721FC6A40A00BCDCC2 /* lato-blackitalic.ttf */ = {isa = PBXFileReference; lastKnownFileType = file; path = "lato-blackitalic.ttf"; sourceTree = "<group>"; };
		61C51D731FC6A40B00BCDCC2 /* lato-lightitalic.ttf */ = {isa = PBXFileReference; lastKnownFileType = file; path = "lato-lightitalic.ttf"; sourceTree = "<group>"; };
		61C51D741FC6A40C00BCDCC2 /* lato-thin.ttf */ = {isa = PBXFileReference; lastKnownFileType = file; path = "lato-thin.ttf"; sourceTree = "<group>"; };
		61C51D751FC6A40E00BCDCC2 /* lato-bolditalic.ttf */ = {isa = PBXFileReference; lastKnownFileType = file; path = "lato-bolditalic.ttf"; sourceTree = "<group>"; };
		61C51D761FC6A40F00BCDCC2 /* lato-light.ttf */ = {isa = PBXFileReference; lastKnownFileType = file; path = "lato-light.ttf"; sourceTree = "<group>"; };
		61C51D771FC6A41000BCDCC2 /* lato-regular.ttf */ = {isa = PBXFileReference; lastKnownFileType = file; path = "lato-regular.ttf"; sourceTree = "<group>"; };
		61C51D781FC6A41100BCDCC2 /* lato-hairline.ttf */ = {isa = PBXFileReference; lastKnownFileType = file; path = "lato-hairline.ttf"; sourceTree = "<group>"; };
		61C51D791FC6A41200BCDCC2 /* lato-heavyitalic.ttf */ = {isa = PBXFileReference; lastKnownFileType = file; path = "lato-heavyitalic.ttf"; sourceTree = "<group>"; };
		61C51D7A1FC6A41300BCDCC2 /* lato-mediumitalic.ttf */ = {isa = PBXFileReference; lastKnownFileType = file; path = "lato-mediumitalic.ttf"; sourceTree = "<group>"; };
		61C51D7B1FC6A41400BCDCC2 /* lato-semibold.ttf */ = {isa = PBXFileReference; lastKnownFileType = file; path = "lato-semibold.ttf"; sourceTree = "<group>"; };
		61C51D7C1FC6A41500BCDCC2 /* lato-medium.ttf */ = {isa = PBXFileReference; lastKnownFileType = file; path = "lato-medium.ttf"; sourceTree = "<group>"; };
		61C51D7D1FC6A41600BCDCC2 /* lato-hairlineitalic.ttf */ = {isa = PBXFileReference; lastKnownFileType = file; path = "lato-hairlineitalic.ttf"; sourceTree = "<group>"; };
		61C51D7E1FC6A41700BCDCC2 /* lato-thinitalic.ttf */ = {isa = PBXFileReference; lastKnownFileType = file; path = "lato-thinitalic.ttf"; sourceTree = "<group>"; };
		61C51D7F1FC6A41800BCDCC2 /* lato-semibolditalic.ttf */ = {isa = PBXFileReference; lastKnownFileType = file; path = "lato-semibolditalic.ttf"; sourceTree = "<group>"; };
		61C51D801FC6A41900BCDCC2 /* lato-italic.ttf */ = {isa = PBXFileReference; lastKnownFileType = file; path = "lato-italic.ttf"; sourceTree = "<group>"; };
		61C51D931FC6B54B00BCDCC2 /* UpdatePViewController.swift */ = {isa = PBXFileReference; lastKnownFileType = sourcecode.swift; path = UpdatePViewController.swift; sourceTree = "<group>"; };
		61D5D2421FF2062A003A14BD /* ChiTietCuocHenVC.swift */ = {isa = PBXFileReference; lastKnownFileType = sourcecode.swift; path = ChiTietCuocHenVC.swift; sourceTree = "<group>"; };
		61D5D2441FF206AF003A14BD /* ChiTietCuocHenVCell.swift */ = {isa = PBXFileReference; lastKnownFileType = sourcecode.swift; path = ChiTietCuocHenVCell.swift; sourceTree = "<group>"; };
		61E14A481FD6586400D3A6F7 /* DanhSachHensVC.swift */ = {isa = PBXFileReference; lastKnownFileType = sourcecode.swift; path = DanhSachHensVC.swift; sourceTree = "<group>"; };
		61E14A4A1FD6785E00D3A6F7 /* DateTimePickerVC.swift */ = {isa = PBXFileReference; lastKnownFileType = sourcecode.swift; path = DateTimePickerVC.swift; sourceTree = "<group>"; };
		61E6FC151FCFF9E500E6FA7F /* ListTableViewCell.swift */ = {isa = PBXFileReference; lastKnownFileType = sourcecode.swift; path = ListTableViewCell.swift; sourceTree = "<group>"; };
		61FAE2431FD698FC0066E76B /* SelectTeamMemCell.swift */ = {isa = PBXFileReference; lastKnownFileType = sourcecode.swift; path = SelectTeamMemCell.swift; sourceTree = "<group>"; };
		6481FFE21F53CFA0663B4099 /* Pods-TeamCaring.debug.xcconfig */ = {isa = PBXFileReference; includeInIndex = 1; lastKnownFileType = text.xcconfig; name = "Pods-TeamCaring.debug.xcconfig"; path = "Pods/Target Support Files/Pods-TeamCaring/Pods-TeamCaring.debug.xcconfig"; sourceTree = "<group>"; };
		D32F9EBE1FD3ECAC0048D747 /* TaoCuocHenVC.swift */ = {isa = PBXFileReference; lastKnownFileType = sourcecode.swift; path = TaoCuocHenVC.swift; sourceTree = "<group>"; };
		D33FF4561FD0669700693832 /* TeamCaring.entitlements */ = {isa = PBXFileReference; lastKnownFileType = text.plist.entitlements; path = TeamCaring.entitlements; sourceTree = "<group>"; };
		D3442BDB1FD308BB00392463 /* InfoViewController.swift */ = {isa = PBXFileReference; lastKnownFileType = sourcecode.swift; path = InfoViewController.swift; sourceTree = "<group>"; };
		D367DEB11FCDCAC5008A33CB /* SelectTeamVC.swift */ = {isa = PBXFileReference; lastKnownFileType = sourcecode.swift; path = SelectTeamVC.swift; sourceTree = "<group>"; };
		D367DEB31FCDD632008A33CB /* CreateNewTeamVC.swift */ = {isa = PBXFileReference; lastKnownFileType = sourcecode.swift; path = CreateNewTeamVC.swift; sourceTree = "<group>"; };
		D37EE8351FBF2E24007A0008 /* ProfileViewController.swift */ = {isa = PBXFileReference; lastKnownFileType = sourcecode.swift; path = ProfileViewController.swift; sourceTree = "<group>"; };
		D37EE8371FBF2E33007A0008 /* LoginViewController.swift */ = {isa = PBXFileReference; lastKnownFileType = sourcecode.swift; path = LoginViewController.swift; sourceTree = "<group>"; };
		D37EE8391FBF2E3F007A0008 /* RegisterViewController.swift */ = {isa = PBXFileReference; lastKnownFileType = sourcecode.swift; path = RegisterViewController.swift; sourceTree = "<group>"; };
		D384C8051FC08B950008EB60 /* Caring.swift */ = {isa = PBXFileReference; fileEncoding = 4; lastKnownFileType = sourcecode.swift; path = Caring.swift; sourceTree = "<group>"; };
		D384C8071FC08C8F0008EB60 /* User.swift */ = {isa = PBXFileReference; fileEncoding = 4; lastKnownFileType = sourcecode.swift; path = User.swift; sourceTree = "<group>"; };
		D3865ABA1FBF11E800AF18C5 /* TeamCaring.app */ = {isa = PBXFileReference; explicitFileType = wrapper.application; includeInIndex = 0; path = TeamCaring.app; sourceTree = BUILT_PRODUCTS_DIR; };
		D3865ABD1FBF11E800AF18C5 /* AppDelegate.swift */ = {isa = PBXFileReference; lastKnownFileType = sourcecode.swift; path = AppDelegate.swift; sourceTree = "<group>"; };
		D3865ABF1FBF11E800AF18C5 /* ListViewController.swift */ = {isa = PBXFileReference; lastKnownFileType = sourcecode.swift; path = ListViewController.swift; sourceTree = "<group>"; };
		D3865AC11FBF11E800AF18C5 /* CalViewController.swift */ = {isa = PBXFileReference; lastKnownFileType = sourcecode.swift; path = CalViewController.swift; sourceTree = "<group>"; };
		D3865AC41FBF11E800AF18C5 /* Base */ = {isa = PBXFileReference; lastKnownFileType = file.storyboard; name = Base; path = Base.lproj/Main.storyboard; sourceTree = "<group>"; };
		D3865AC61FBF11E800AF18C5 /* Assets.xcassets */ = {isa = PBXFileReference; lastKnownFileType = folder.assetcatalog; path = Assets.xcassets; sourceTree = "<group>"; };
		D3865AC91FBF11E800AF18C5 /* Base */ = {isa = PBXFileReference; lastKnownFileType = file.storyboard; name = Base; path = Base.lproj/LaunchScreen.storyboard; sourceTree = "<group>"; };
		D3865ACB1FBF11E900AF18C5 /* Info.plist */ = {isa = PBXFileReference; lastKnownFileType = text.plist.xml; path = Info.plist; sourceTree = "<group>"; };
		D38CEA241FD7047200F8C367 /* Team.swift */ = {isa = PBXFileReference; lastKnownFileType = sourcecode.swift; path = Team.swift; sourceTree = "<group>"; };
		D390D8481FE18F81008DAC53 /* JoinedTeam.swift */ = {isa = PBXFileReference; lastKnownFileType = sourcecode.swift; path = JoinedTeam.swift; sourceTree = "<group>"; };
		D399C4B51FDA439C007E1E28 /* Notification.swift */ = {isa = PBXFileReference; lastKnownFileType = sourcecode.swift; path = Notification.swift; sourceTree = "<group>"; };
		D39AA6F81FF0EFAD0006AC5C /* Event.swift */ = {isa = PBXFileReference; lastKnownFileType = sourcecode.swift; path = Event.swift; sourceTree = "<group>"; };
		D3A4CE131FE4DC2800468F39 /* SData.swift */ = {isa = PBXFileReference; fileEncoding = 4; lastKnownFileType = sourcecode.swift; path = SData.swift; sourceTree = "<group>"; };
		D3ADF8241FD858C5000FEE64 /* Leader.swift */ = {isa = PBXFileReference; lastKnownFileType = sourcecode.swift; path = Leader.swift; sourceTree = "<group>"; };
		D3ADF8261FD8593C000FEE64 /* Member.swift */ = {isa = PBXFileReference; lastKnownFileType = sourcecode.swift; path = Member.swift; sourceTree = "<group>"; };
		D3BE5BAF1FC3254700D54964 /* AlertViewController.swift */ = {isa = PBXFileReference; lastKnownFileType = sourcecode.swift; path = AlertViewController.swift; sourceTree = "<group>"; };
		D3C47C481FD43D2F009054E6 /* GoogleService-Info.plist */ = {isa = PBXFileReference; fileEncoding = 4; lastKnownFileType = text.plist.xml; path = "GoogleService-Info.plist"; sourceTree = "<group>"; };
		D3CF64931FD0582D00E410DE /* FService.swift */ = {isa = PBXFileReference; fileEncoding = 4; lastKnownFileType = sourcecode.swift; path = FService.swift; sourceTree = "<group>"; };
		D3CF64941FD0582D00E410DE /* Router.swift */ = {isa = PBXFileReference; fileEncoding = 4; lastKnownFileType = sourcecode.swift; path = Router.swift; sourceTree = "<group>"; };
		D3E8DA1E1FCE278200ADB0E1 /* ChonIconViewController.swift */ = {isa = PBXFileReference; lastKnownFileType = sourcecode.swift; path = ChonIconViewController.swift; sourceTree = "<group>"; };
		D3F022611FF2ADBA0042C7B1 /* Note.swift */ = {isa = PBXFileReference; lastKnownFileType = sourcecode.swift; path = Note.swift; sourceTree = "<group>"; };
		D3F022631FF2B0970042C7B1 /* ChiTietGhiChuVC.swift */ = {isa = PBXFileReference; lastKnownFileType = sourcecode.swift; path = ChiTietGhiChuVC.swift; sourceTree = "<group>"; };
		D3FE00D81FF3D4E90063C2CA /* DetailCuocHenVC.swift */ = {isa = PBXFileReference; lastKnownFileType = sourcecode.swift; path = DetailCuocHenVC.swift; sourceTree = "<group>"; };
		D3FE00DA1FF3D7630063C2CA /* CuocHenTableViewCell.swift */ = {isa = PBXFileReference; lastKnownFileType = sourcecode.swift; path = CuocHenTableViewCell.swift; sourceTree = "<group>"; };
		FBF29A3D690156BCDFF82606 /* Pods-TeamCaring.release.xcconfig */ = {isa = PBXFileReference; includeInIndex = 1; lastKnownFileType = text.xcconfig; name = "Pods-TeamCaring.release.xcconfig"; path = "Pods/Target Support Files/Pods-TeamCaring/Pods-TeamCaring.release.xcconfig"; sourceTree = "<group>"; };
/* End PBXFileReference section */

/* Begin PBXFrameworksBuildPhase section */
		D3865AB71FBF11E800AF18C5 /* Frameworks */ = {
			isa = PBXFrameworksBuildPhase;
			buildActionMask = 2147483647;
			files = (
				25B4EF4C95C7E6B458EBB40C /* Pods_TeamCaring.framework in Frameworks */,
			);
			runOnlyForDeploymentPostprocessing = 0;
		};
/* End PBXFrameworksBuildPhase section */

/* Begin PBXGroup section */
		61C51D6E1FC6A3F600BCDCC2 /* Font */ = {
			isa = PBXGroup;
			children = (
				61C51D701FC6A40600BCDCC2 /* lato-black.ttf */,
				61C51D721FC6A40A00BCDCC2 /* lato-blackitalic.ttf */,
				61C51D6F1FC6A40400BCDCC2 /* lato-bold.ttf */,
				61C51D751FC6A40E00BCDCC2 /* lato-bolditalic.ttf */,
				61C51D781FC6A41100BCDCC2 /* lato-hairline.ttf */,
				61C51D7D1FC6A41600BCDCC2 /* lato-hairlineitalic.ttf */,
				61C51D711FC6A40900BCDCC2 /* lato-heavy.ttf */,
				61C51D791FC6A41200BCDCC2 /* lato-heavyitalic.ttf */,
				61C51D801FC6A41900BCDCC2 /* lato-italic.ttf */,
				61C51D761FC6A40F00BCDCC2 /* lato-light.ttf */,
				61C51D731FC6A40B00BCDCC2 /* lato-lightitalic.ttf */,
				61C51D7C1FC6A41500BCDCC2 /* lato-medium.ttf */,
				61C51D7A1FC6A41300BCDCC2 /* lato-mediumitalic.ttf */,
				61C51D771FC6A41000BCDCC2 /* lato-regular.ttf */,
				61C51D7B1FC6A41400BCDCC2 /* lato-semibold.ttf */,
				61C51D7F1FC6A41800BCDCC2 /* lato-semibolditalic.ttf */,
				61C51D741FC6A40C00BCDCC2 /* lato-thin.ttf */,
				61C51D7E1FC6A41700BCDCC2 /* lato-thinitalic.ttf */,
			);
			path = Font;
			sourceTree = "<group>";
		};
		73F47C9BC7D8415981968276 /* Pods */ = {
			isa = PBXGroup;
			children = (
				6481FFE21F53CFA0663B4099 /* Pods-TeamCaring.debug.xcconfig */,
				FBF29A3D690156BCDFF82606 /* Pods-TeamCaring.release.xcconfig */,
			);
			name = Pods;
			sourceTree = "<group>";
		};
		D3442BDA1FD308A900392463 /* Popover */ = {
			isa = PBXGroup;
			children = (
				D3442BDB1FD308BB00392463 /* InfoViewController.swift */,
				61B68E831FD50ADE00957A92 /* ListMemberTreeVC.swift */,
				61E14A4A1FD6785E00D3A6F7 /* DateTimePickerVC.swift */,
				61C2EE231FD69609007062E9 /* SelectTeamMemVC.swift */,
			);
			path = Popover;
			sourceTree = "<group>";
		};
		D37EE8341FBF2E0C007A0008 /* ViewController */ = {
			isa = PBXGroup;
			children = (
				D3BE5BAE1FC3242300D54964 /* Detail */,
				D37EE8391FBF2E3F007A0008 /* RegisterViewController.swift */,
				D37EE8371FBF2E33007A0008 /* LoginViewController.swift */,
				D3865ABF1FBF11E800AF18C5 /* ListViewController.swift */,
				D3865AC11FBF11E800AF18C5 /* CalViewController.swift */,
				D37EE8351FBF2E24007A0008 /* ProfileViewController.swift */,
				D3BE5BAF1FC3254700D54964 /* AlertViewController.swift */,
				613D602B1FE3993C001557B4 /* MainTabViewController.swift */,
			);
			path = ViewController;
			sourceTree = "<group>";
		};
		D384C8021FC08B570008EB60 /* SupportClass */ = {
			isa = PBXGroup;
			children = (
				61C51D6E1FC6A3F600BCDCC2 /* Font */,
				D384C8051FC08B950008EB60 /* Caring.swift */,
			);
			path = SupportClass;
			sourceTree = "<group>";
		};
		D384C8031FC08B660008EB60 /* Model */ = {
			isa = PBXGroup;
			children = (
				D384C8071FC08C8F0008EB60 /* User.swift */,
				6149879F1FD118DB00EFE953 /* FBToken.swift */,
				D38CEA241FD7047200F8C367 /* Team.swift */,
				D3ADF8241FD858C5000FEE64 /* Leader.swift */,
				D3ADF8261FD8593C000FEE64 /* Member.swift */,
				D399C4B51FDA439C007E1E28 /* Notification.swift */,
				D390D8481FE18F81008DAC53 /* JoinedTeam.swift */,
				D39AA6F81FF0EFAD0006AC5C /* Event.swift */,
				D3F022611FF2ADBA0042C7B1 /* Note.swift */,
			);
			path = Model;
			sourceTree = "<group>";
		};
		D384C8041FC08B7A0008EB60 /* View */ = {
			isa = PBXGroup;
			children = (
				61ABABCE1FCFB00700D3AC23 /* CalTableViewCell.swift */,
				61ABABCF1FCFB00700D3AC23 /* CalTableViewCell.xib */,
				61E6FC151FCFF9E500E6FA7F /* ListTableViewCell.swift */,
				613EA81C1FD5249700334ADB /* MemberListCViewCell.swift */,
				61FAE2431FD698FC0066E76B /* SelectTeamMemCell.swift */,
				613D602D1FE3AFBA001557B4 /* AlertTableViewCell.swift */,
				61D5D2441FF206AF003A14BD /* ChiTietCuocHenVCell.swift */,
				D3FE00DA1FF3D7630063C2CA /* CuocHenTableViewCell.swift */,
			);
			path = View;
			sourceTree = "<group>";
		};
		D3865AB11FBF11E800AF18C5 = {
			isa = PBXGroup;
			children = (
				D3865ABC1FBF11E800AF18C5 /* TeamCaring */,
				D3865ABB1FBF11E800AF18C5 /* Products */,
				73F47C9BC7D8415981968276 /* Pods */,
				E5C281C246B60079A051239C /* Frameworks */,
			);
			sourceTree = "<group>";
		};
		D3865ABB1FBF11E800AF18C5 /* Products */ = {
			isa = PBXGroup;
			children = (
				D3865ABA1FBF11E800AF18C5 /* TeamCaring.app */,
			);
			name = Products;
			sourceTree = "<group>";
		};
		D3865ABC1FBF11E800AF18C5 /* TeamCaring */ = {
			isa = PBXGroup;
			children = (
				D3CF64921FD0582D00E410DE /* Service */,
				D384C8031FC08B660008EB60 /* Model */,
				D384C8041FC08B7A0008EB60 /* View */,
				D37EE8341FBF2E0C007A0008 /* ViewController */,
				D384C8021FC08B570008EB60 /* SupportClass */,
				D3865ABD1FBF11E800AF18C5 /* AppDelegate.swift */,
				D3865AC31FBF11E800AF18C5 /* Main.storyboard */,
				D3865AC61FBF11E800AF18C5 /* Assets.xcassets */,
				D3865AC81FBF11E800AF18C5 /* LaunchScreen.storyboard */,
				D3865ACB1FBF11E900AF18C5 /* Info.plist */,
				D3C47C481FD43D2F009054E6 /* GoogleService-Info.plist */,
				D33FF4561FD0669700693832 /* TeamCaring.entitlements */,
			);
			path = TeamCaring;
			sourceTree = "<group>";
		};
		D3BE5BAE1FC3242300D54964 /* Detail */ = {
			isa = PBXGroup;
			children = (
				D3442BDA1FD308A900392463 /* Popover */,
				61C51D931FC6B54B00BCDCC2 /* UpdatePViewController.swift */,
				D367DEB11FCDCAC5008A33CB /* SelectTeamVC.swift */,
				D367DEB31FCDD632008A33CB /* CreateNewTeamVC.swift */,
				61C2B91D1FD8046F0090A32D /* NewTeamListVC.swift */,
				D3E8DA1E1FCE278200ADB0E1 /* ChonIconViewController.swift */,
				619F1BDB1FD006680082C948 /* SearchLeaderVC.swift */,
				619F1BDD1FD017FA0082C948 /* DetailTeamVC.swift */,
				D32F9EBE1FD3ECAC0048D747 /* TaoCuocHenVC.swift */,
				61B68E811FD5011F00957A92 /* TTThanhVienVC.swift */,
				61E14A481FD6586400D3A6F7 /* DanhSachHensVC.swift */,
				D3FE00D81FF3D4E90063C2CA /* DetailCuocHenVC.swift */,
				61D5D2421FF2062A003A14BD /* ChiTietCuocHenVC.swift */,
				D3F022631FF2B0970042C7B1 /* ChiTietGhiChuVC.swift */,
			);
			path = Detail;
			sourceTree = "<group>";
		};
		D3CF64921FD0582D00E410DE /* Service */ = {
			isa = PBXGroup;
			children = (
				D3A4CE131FE4DC2800468F39 /* SData.swift */,
				D3CF64941FD0582D00E410DE /* Router.swift */,
				D3CF64931FD0582D00E410DE /* FService.swift */,
			);
			path = Service;
			sourceTree = "<group>";
		};
		E5C281C246B60079A051239C /* Frameworks */ = {
			isa = PBXGroup;
			children = (
				07878C560ACFF7E8964C80DE /* Pods_TeamCaring.framework */,
			);
			name = Frameworks;
			sourceTree = "<group>";
		};
/* End PBXGroup section */

/* Begin PBXNativeTarget section */
		D3865AB91FBF11E800AF18C5 /* TeamCaring */ = {
			isa = PBXNativeTarget;
			buildConfigurationList = D3865ACE1FBF11E900AF18C5 /* Build configuration list for PBXNativeTarget "TeamCaring" */;
			buildPhases = (
				49CFFBC832ED9AD6397C2DE5 /* [CP] Check Pods Manifest.lock */,
				D3865AB61FBF11E800AF18C5 /* Sources */,
				D3865AB71FBF11E800AF18C5 /* Frameworks */,
				D3865AB81FBF11E800AF18C5 /* Resources */,
				BF96618DA5EEE838A70B7523 /* [CP] Embed Pods Frameworks */,
				5F9D0182F8CE8C92EDA5CB48 /* [CP] Copy Pods Resources */,
			);
			buildRules = (
			);
			dependencies = (
			);
			name = TeamCaring;
			productName = TeamCaring;
			productReference = D3865ABA1FBF11E800AF18C5 /* TeamCaring.app */;
			productType = "com.apple.product-type.application";
		};
/* End PBXNativeTarget section */

/* Begin PBXProject section */
		D3865AB21FBF11E800AF18C5 /* Project object */ = {
			isa = PBXProject;
			attributes = {
				LastSwiftUpdateCheck = 0910;
				LastUpgradeCheck = 0910;
				ORGANIZATIONNAME = PqThanh;
				TargetAttributes = {
					D3865AB91FBF11E800AF18C5 = {
						CreatedOnToolsVersion = 9.1;
						LastSwiftMigration = 0910;
						ProvisioningStyle = Automatic;
						SystemCapabilities = {
							com.apple.Push = {
								enabled = 1;
							};
						};
					};
				};
			};
			buildConfigurationList = D3865AB51FBF11E800AF18C5 /* Build configuration list for PBXProject "TeamCaring" */;
			compatibilityVersion = "Xcode 8.0";
			developmentRegion = en;
			hasScannedForEncodings = 0;
			knownRegions = (
				en,
				Base,
			);
			mainGroup = D3865AB11FBF11E800AF18C5;
			productRefGroup = D3865ABB1FBF11E800AF18C5 /* Products */;
			projectDirPath = "";
			projectRoot = "";
			targets = (
				D3865AB91FBF11E800AF18C5 /* TeamCaring */,
			);
		};
/* End PBXProject section */

/* Begin PBXResourcesBuildPhase section */
		D3865AB81FBF11E800AF18C5 /* Resources */ = {
			isa = PBXResourcesBuildPhase;
			buildActionMask = 2147483647;
			files = (
				61C51D901FC6A41A00BCDCC2 /* lato-thinitalic.ttf in Resources */,
				61C51D871FC6A41A00BCDCC2 /* lato-bolditalic.ttf in Resources */,
				61C51D861FC6A41A00BCDCC2 /* lato-thin.ttf in Resources */,
				D3865AC71FBF11E800AF18C5 /* Assets.xcassets in Resources */,
				61C51D911FC6A41A00BCDCC2 /* lato-semibolditalic.ttf in Resources */,
				61C51D831FC6A41A00BCDCC2 /* lato-heavy.ttf in Resources */,
				61C51D851FC6A41A00BCDCC2 /* lato-lightitalic.ttf in Resources */,
				61C51D881FC6A41A00BCDCC2 /* lato-light.ttf in Resources */,
				61ABABD11FCFB00700D3AC23 /* CalTableViewCell.xib in Resources */,
				61C51D8A1FC6A41A00BCDCC2 /* lato-hairline.ttf in Resources */,
				61C51D8B1FC6A41A00BCDCC2 /* lato-heavyitalic.ttf in Resources */,
				61C51D8D1FC6A41A00BCDCC2 /* lato-semibold.ttf in Resources */,
				61C51D841FC6A41A00BCDCC2 /* lato-blackitalic.ttf in Resources */,
				61C51D8C1FC6A41A00BCDCC2 /* lato-mediumitalic.ttf in Resources */,
				61C51D8F1FC6A41A00BCDCC2 /* lato-hairlineitalic.ttf in Resources */,
				61C51D821FC6A41A00BCDCC2 /* lato-black.ttf in Resources */,
				D3865AC51FBF11E800AF18C5 /* Main.storyboard in Resources */,
				61C51D921FC6A41A00BCDCC2 /* lato-italic.ttf in Resources */,
				61C51D811FC6A41A00BCDCC2 /* lato-bold.ttf in Resources */,
				D3C47C491FD43D2F009054E6 /* GoogleService-Info.plist in Resources */,
				D3DE9C631FCEFC4500607C9D /* LaunchScreen.storyboard in Resources */,
				61C51D8E1FC6A41A00BCDCC2 /* lato-medium.ttf in Resources */,
				61C51D891FC6A41A00BCDCC2 /* lato-regular.ttf in Resources */,
			);
			runOnlyForDeploymentPostprocessing = 0;
		};
/* End PBXResourcesBuildPhase section */

/* Begin PBXShellScriptBuildPhase section */
		49CFFBC832ED9AD6397C2DE5 /* [CP] Check Pods Manifest.lock */ = {
			isa = PBXShellScriptBuildPhase;
			buildActionMask = 2147483647;
			files = (
			);
			inputPaths = (
				"${PODS_PODFILE_DIR_PATH}/Podfile.lock",
				"${PODS_ROOT}/Manifest.lock",
			);
			name = "[CP] Check Pods Manifest.lock";
			outputPaths = (
				"$(DERIVED_FILE_DIR)/Pods-TeamCaring-checkManifestLockResult.txt",
			);
			runOnlyForDeploymentPostprocessing = 0;
			shellPath = /bin/sh;
			shellScript = "diff \"${PODS_ROOT}/../Podfile.lock\" \"${PODS_ROOT}/Manifest.lock\" > /dev/null\nif [ $? != 0 ] ; then\n    # print error to STDERR\n    echo \"error: The sandbox is not in sync with the Podfile.lock. Run 'pod install' or update your CocoaPods installation.\" >&2\n    exit 1\nfi\n";
			showEnvVarsInLog = 0;
		};
		5F9D0182F8CE8C92EDA5CB48 /* [CP] Copy Pods Resources */ = {
			isa = PBXShellScriptBuildPhase;
			buildActionMask = 2147483647;
			files = (
			);
			inputPaths = (
			);
			name = "[CP] Copy Pods Resources";
			outputPaths = (
			);
			runOnlyForDeploymentPostprocessing = 0;
			shellPath = /bin/sh;
			shellScript = "\"${SRCROOT}/Pods/Target Support Files/Pods-TeamCaring/Pods-TeamCaring-resources.sh\"\n";
			showEnvVarsInLog = 0;
		};
		BF96618DA5EEE838A70B7523 /* [CP] Embed Pods Frameworks */ = {
			isa = PBXShellScriptBuildPhase;
			buildActionMask = 2147483647;
			files = (
			);
			inputPaths = (
				"${SRCROOT}/Pods/Target Support Files/Pods-TeamCaring/Pods-TeamCaring-frameworks.sh",
				"${BUILT_PRODUCTS_DIR}/AFImageHelper/AFImageHelper.framework",
				"${BUILT_PRODUCTS_DIR}/Alamofire/Alamofire.framework",
				"${BUILT_PRODUCTS_DIR}/AlamofireObjectMapper/AlamofireObjectMapper.framework",
				"${BUILT_PRODUCTS_DIR}/Bolts/Bolts.framework",
				"${BUILT_PRODUCTS_DIR}/ESPullToRefresh/ESPullToRefresh.framework",
				"${BUILT_PRODUCTS_DIR}/FBSDKCoreKit/FBSDKCoreKit.framework",
				"${BUILT_PRODUCTS_DIR}/FBSDKLoginKit/FBSDKLoginKit.framework",
				"${BUILT_PRODUCTS_DIR}/FacebookCore/FacebookCore.framework",
				"${BUILT_PRODUCTS_DIR}/FacebookLogin/FacebookLogin.framework",
				"${BUILT_PRODUCTS_DIR}/GoogleToolboxForMac/GoogleToolboxForMac.framework",
				"${BUILT_PRODUCTS_DIR}/IHKeyboardAvoiding/IHKeyboardAvoiding.framework",
				"${BUILT_PRODUCTS_DIR}/MBCalendarKit/MBCalendarKit.framework",
				"${BUILT_PRODUCTS_DIR}/ObjectMapper/ObjectMapper.framework",
				"${BUILT_PRODUCTS_DIR}/Protobuf/Protobuf.framework",
				"${BUILT_PRODUCTS_DIR}/ReachabilitySwift/Reachability.framework",
				"${BUILT_PRODUCTS_DIR}/SVProgressHUD/SVProgressHUD.framework",
				"${BUILT_PRODUCTS_DIR}/SwiftyJSON/SwiftyJSON.framework",
				"${BUILT_PRODUCTS_DIR}/SwiftyUserDefaults/SwiftyUserDefaults.framework",
				"${BUILT_PRODUCTS_DIR}/TWMessageBarManager/TWMessageBarManager.framework",
				"${BUILT_PRODUCTS_DIR}/UIScrollView-InfiniteScroll/UIScrollView_InfiniteScroll.framework",
				"${BUILT_PRODUCTS_DIR}/nanopb/nanopb.framework",
			);
			name = "[CP] Embed Pods Frameworks";
			outputPaths = (
				"${TARGET_BUILD_DIR}/${FRAMEWORKS_FOLDER_PATH}/AFImageHelper.framework",
				"${TARGET_BUILD_DIR}/${FRAMEWORKS_FOLDER_PATH}/Alamofire.framework",
				"${TARGET_BUILD_DIR}/${FRAMEWORKS_FOLDER_PATH}/AlamofireObjectMapper.framework",
				"${TARGET_BUILD_DIR}/${FRAMEWORKS_FOLDER_PATH}/Bolts.framework",
				"${TARGET_BUILD_DIR}/${FRAMEWORKS_FOLDER_PATH}/ESPullToRefresh.framework",
				"${TARGET_BUILD_DIR}/${FRAMEWORKS_FOLDER_PATH}/FBSDKCoreKit.framework",
				"${TARGET_BUILD_DIR}/${FRAMEWORKS_FOLDER_PATH}/FBSDKLoginKit.framework",
				"${TARGET_BUILD_DIR}/${FRAMEWORKS_FOLDER_PATH}/FacebookCore.framework",
				"${TARGET_BUILD_DIR}/${FRAMEWORKS_FOLDER_PATH}/FacebookLogin.framework",
				"${TARGET_BUILD_DIR}/${FRAMEWORKS_FOLDER_PATH}/GoogleToolboxForMac.framework",
				"${TARGET_BUILD_DIR}/${FRAMEWORKS_FOLDER_PATH}/IHKeyboardAvoiding.framework",
				"${TARGET_BUILD_DIR}/${FRAMEWORKS_FOLDER_PATH}/MBCalendarKit.framework",
				"${TARGET_BUILD_DIR}/${FRAMEWORKS_FOLDER_PATH}/ObjectMapper.framework",
				"${TARGET_BUILD_DIR}/${FRAMEWORKS_FOLDER_PATH}/Protobuf.framework",
				"${TARGET_BUILD_DIR}/${FRAMEWORKS_FOLDER_PATH}/Reachability.framework",
				"${TARGET_BUILD_DIR}/${FRAMEWORKS_FOLDER_PATH}/SVProgressHUD.framework",
				"${TARGET_BUILD_DIR}/${FRAMEWORKS_FOLDER_PATH}/SwiftyJSON.framework",
				"${TARGET_BUILD_DIR}/${FRAMEWORKS_FOLDER_PATH}/SwiftyUserDefaults.framework",
				"${TARGET_BUILD_DIR}/${FRAMEWORKS_FOLDER_PATH}/TWMessageBarManager.framework",
				"${TARGET_BUILD_DIR}/${FRAMEWORKS_FOLDER_PATH}/UIScrollView_InfiniteScroll.framework",
				"${TARGET_BUILD_DIR}/${FRAMEWORKS_FOLDER_PATH}/nanopb.framework",
			);
			runOnlyForDeploymentPostprocessing = 0;
			shellPath = /bin/sh;
			shellScript = "\"${SRCROOT}/Pods/Target Support Files/Pods-TeamCaring/Pods-TeamCaring-frameworks.sh\"\n";
			showEnvVarsInLog = 0;
		};
/* End PBXShellScriptBuildPhase section */

/* Begin PBXSourcesBuildPhase section */
		D3865AB61FBF11E800AF18C5 /* Sources */ = {
			isa = PBXSourcesBuildPhase;
			buildActionMask = 2147483647;
			files = (
				D3865AC21FBF11E800AF18C5 /* CalViewController.swift in Sources */,
				D3FE00DB1FF3D7630063C2CA /* CuocHenTableViewCell.swift in Sources */,
				D3865ABE1FBF11E800AF18C5 /* AppDelegate.swift in Sources */,
				D37EE8361FBF2E24007A0008 /* ProfileViewController.swift in Sources */,
				61C2B91E1FD8046F0090A32D /* NewTeamListVC.swift in Sources */,
				D3E8DA1F1FCE278200ADB0E1 /* ChonIconViewController.swift in Sources */,
				61ABABD01FCFB00700D3AC23 /* CalTableViewCell.swift in Sources */,
				614987A01FD118DB00EFE953 /* FBToken.swift in Sources */,
				613EA81D1FD5249700334ADB /* MemberListCViewCell.swift in Sources */,
				61C2EE241FD69609007062E9 /* SelectTeamMemVC.swift in Sources */,
				D3FE00D91FF3D4E90063C2CA /* DetailCuocHenVC.swift in Sources */,
				61B68E841FD50ADE00957A92 /* ListMemberTreeVC.swift in Sources */,
				D3ADF8271FD8593C000FEE64 /* Member.swift in Sources */,
				D37EE83A1FBF2E3F007A0008 /* RegisterViewController.swift in Sources */,
				D3CF64961FD0582E00E410DE /* Router.swift in Sources */,
				D3CF64951FD0582E00E410DE /* FService.swift in Sources */,
				D3BE5BB01FC3254700D54964 /* AlertViewController.swift in Sources */,
				61FAE2441FD698FC0066E76B /* SelectTeamMemCell.swift in Sources */,
				D399C4B61FDA439C007E1E28 /* Notification.swift in Sources */,
				61D5D2431FF2062A003A14BD /* ChiTietCuocHenVC.swift in Sources */,
				613D602C1FE3993C001557B4 /* MainTabViewController.swift in Sources */,
				D3442BDC1FD308BB00392463 /* InfoViewController.swift in Sources */,
				D384C8081FC08C8F0008EB60 /* User.swift in Sources */,
				D37EE8381FBF2E33007A0008 /* LoginViewController.swift in Sources */,
				613D602E1FE3AFBA001557B4 /* AlertTableViewCell.swift in Sources */,
				D3F022621FF2ADBA0042C7B1 /* Note.swift in Sources */,
				D367DEB21FCDCAC5008A33CB /* SelectTeamVC.swift in Sources */,
				D38CEA251FD7047200F8C367 /* Team.swift in Sources */,
				D3ADF8251FD858C5000FEE64 /* Leader.swift in Sources */,
				D39AA6F91FF0EFAD0006AC5C /* Event.swift in Sources */,
				D390D8491FE18F81008DAC53 /* JoinedTeam.swift in Sources */,
				D3865AC01FBF11E800AF18C5 /* ListViewController.swift in Sources */,
				D3F022641FF2B0970042C7B1 /* ChiTietGhiChuVC.swift in Sources */,
				61D5D2451FF206AF003A14BD /* ChiTietCuocHenVCell.swift in Sources */,
				D32F9EBF1FD3ECAC0048D747 /* TaoCuocHenVC.swift in Sources */,
				619F1BDC1FD006680082C948 /* SearchLeaderVC.swift in Sources */,
				619F1BDE1FD017FA0082C948 /* DetailTeamVC.swift in Sources */,
				61B68E821FD5011F00957A92 /* TTThanhVienVC.swift in Sources */,
				61E14A4B1FD6785E00D3A6F7 /* DateTimePickerVC.swift in Sources */,
				61C51D941FC6B54B00BCDCC2 /* UpdatePViewController.swift in Sources */,
				D367DEB41FCDD632008A33CB /* CreateNewTeamVC.swift in Sources */,
				D384C8061FC08B950008EB60 /* Caring.swift in Sources */,
				61E14A491FD6586400D3A6F7 /* DanhSachHensVC.swift in Sources */,
				61E6FC161FCFF9E500E6FA7F /* ListTableViewCell.swift in Sources */,
				D3A4CE141FE4DC2800468F39 /* SData.swift in Sources */,
			);
			runOnlyForDeploymentPostprocessing = 0;
		};
/* End PBXSourcesBuildPhase section */

/* Begin PBXVariantGroup section */
		D3865AC31FBF11E800AF18C5 /* Main.storyboard */ = {
			isa = PBXVariantGroup;
			children = (
				D3865AC41FBF11E800AF18C5 /* Base */,
			);
			name = Main.storyboard;
			sourceTree = "<group>";
		};
		D3865AC81FBF11E800AF18C5 /* LaunchScreen.storyboard */ = {
			isa = PBXVariantGroup;
			children = (
				D3865AC91FBF11E800AF18C5 /* Base */,
			);
			name = LaunchScreen.storyboard;
			sourceTree = "<group>";
		};
/* End PBXVariantGroup section */

/* Begin XCBuildConfiguration section */
		D3865ACC1FBF11E900AF18C5 /* Debug */ = {
			isa = XCBuildConfiguration;
			buildSettings = {
				ALWAYS_SEARCH_USER_PATHS = NO;
				CLANG_ANALYZER_NONNULL = YES;
				CLANG_ANALYZER_NUMBER_OBJECT_CONVERSION = YES_AGGRESSIVE;
				CLANG_CXX_LANGUAGE_STANDARD = "gnu++14";
				CLANG_CXX_LIBRARY = "libc++";
				CLANG_ENABLE_MODULES = YES;
				CLANG_ENABLE_OBJC_ARC = YES;
				CLANG_WARN_BLOCK_CAPTURE_AUTORELEASING = YES;
				CLANG_WARN_BOOL_CONVERSION = YES;
				CLANG_WARN_COMMA = YES;
				CLANG_WARN_CONSTANT_CONVERSION = YES;
				CLANG_WARN_DIRECT_OBJC_ISA_USAGE = YES_ERROR;
				CLANG_WARN_DOCUMENTATION_COMMENTS = YES;
				CLANG_WARN_EMPTY_BODY = YES;
				CLANG_WARN_ENUM_CONVERSION = YES;
				CLANG_WARN_INFINITE_RECURSION = YES;
				CLANG_WARN_INT_CONVERSION = YES;
				CLANG_WARN_NON_LITERAL_NULL_CONVERSION = YES;
				CLANG_WARN_OBJC_LITERAL_CONVERSION = YES;
				CLANG_WARN_OBJC_ROOT_CLASS = YES_ERROR;
				CLANG_WARN_RANGE_LOOP_ANALYSIS = YES;
				CLANG_WARN_STRICT_PROTOTYPES = YES;
				CLANG_WARN_SUSPICIOUS_MOVE = YES;
				CLANG_WARN_UNGUARDED_AVAILABILITY = YES_AGGRESSIVE;
				CLANG_WARN_UNREACHABLE_CODE = YES;
				CLANG_WARN__DUPLICATE_METHOD_MATCH = YES;
				CODE_SIGN_IDENTITY = "iPhone Developer";
				COPY_PHASE_STRIP = NO;
				DEBUG_INFORMATION_FORMAT = dwarf;
				ENABLE_STRICT_OBJC_MSGSEND = YES;
				ENABLE_TESTABILITY = YES;
				GCC_C_LANGUAGE_STANDARD = gnu11;
				GCC_DYNAMIC_NO_PIC = NO;
				GCC_NO_COMMON_BLOCKS = YES;
				GCC_OPTIMIZATION_LEVEL = 0;
				GCC_PREPROCESSOR_DEFINITIONS = (
					"DEBUG=1",
					"$(inherited)",
				);
				GCC_WARN_64_TO_32_BIT_CONVERSION = YES;
				GCC_WARN_ABOUT_RETURN_TYPE = YES_ERROR;
				GCC_WARN_UNDECLARED_SELECTOR = YES;
				GCC_WARN_UNINITIALIZED_AUTOS = YES_AGGRESSIVE;
				GCC_WARN_UNUSED_FUNCTION = YES;
				GCC_WARN_UNUSED_VARIABLE = YES;
				IPHONEOS_DEPLOYMENT_TARGET = 11.1;
				MTL_ENABLE_DEBUG_INFO = YES;
				ONLY_ACTIVE_ARCH = YES;
				SDKROOT = iphoneos;
				SWIFT_ACTIVE_COMPILATION_CONDITIONS = DEBUG;
				SWIFT_OPTIMIZATION_LEVEL = "-Onone";
				SWIFT_VERSION = 3.0;
			};
			name = Debug;
		};
		D3865ACD1FBF11E900AF18C5 /* Release */ = {
			isa = XCBuildConfiguration;
			buildSettings = {
				ALWAYS_SEARCH_USER_PATHS = NO;
				CLANG_ANALYZER_NONNULL = YES;
				CLANG_ANALYZER_NUMBER_OBJECT_CONVERSION = YES_AGGRESSIVE;
				CLANG_CXX_LANGUAGE_STANDARD = "gnu++14";
				CLANG_CXX_LIBRARY = "libc++";
				CLANG_ENABLE_MODULES = YES;
				CLANG_ENABLE_OBJC_ARC = YES;
				CLANG_WARN_BLOCK_CAPTURE_AUTORELEASING = YES;
				CLANG_WARN_BOOL_CONVERSION = YES;
				CLANG_WARN_COMMA = YES;
				CLANG_WARN_CONSTANT_CONVERSION = YES;
				CLANG_WARN_DIRECT_OBJC_ISA_USAGE = YES_ERROR;
				CLANG_WARN_DOCUMENTATION_COMMENTS = YES;
				CLANG_WARN_EMPTY_BODY = YES;
				CLANG_WARN_ENUM_CONVERSION = YES;
				CLANG_WARN_INFINITE_RECURSION = YES;
				CLANG_WARN_INT_CONVERSION = YES;
				CLANG_WARN_NON_LITERAL_NULL_CONVERSION = YES;
				CLANG_WARN_OBJC_LITERAL_CONVERSION = YES;
				CLANG_WARN_OBJC_ROOT_CLASS = YES_ERROR;
				CLANG_WARN_RANGE_LOOP_ANALYSIS = YES;
				CLANG_WARN_STRICT_PROTOTYPES = YES;
				CLANG_WARN_SUSPICIOUS_MOVE = YES;
				CLANG_WARN_UNGUARDED_AVAILABILITY = YES_AGGRESSIVE;
				CLANG_WARN_UNREACHABLE_CODE = YES;
				CLANG_WARN__DUPLICATE_METHOD_MATCH = YES;
				CODE_SIGN_IDENTITY = "iPhone Developer";
				COPY_PHASE_STRIP = NO;
				DEBUG_INFORMATION_FORMAT = "dwarf-with-dsym";
				ENABLE_NS_ASSERTIONS = NO;
				ENABLE_STRICT_OBJC_MSGSEND = YES;
				GCC_C_LANGUAGE_STANDARD = gnu11;
				GCC_NO_COMMON_BLOCKS = YES;
				GCC_WARN_64_TO_32_BIT_CONVERSION = YES;
				GCC_WARN_ABOUT_RETURN_TYPE = YES_ERROR;
				GCC_WARN_UNDECLARED_SELECTOR = YES;
				GCC_WARN_UNINITIALIZED_AUTOS = YES_AGGRESSIVE;
				GCC_WARN_UNUSED_FUNCTION = YES;
				GCC_WARN_UNUSED_VARIABLE = YES;
				IPHONEOS_DEPLOYMENT_TARGET = 11.1;
				MTL_ENABLE_DEBUG_INFO = NO;
				SDKROOT = iphoneos;
				SWIFT_OPTIMIZATION_LEVEL = "-Owholemodule";
				SWIFT_VERSION = 3.0;
				VALIDATE_PRODUCT = YES;
			};
			name = Release;
		};
		D3865ACF1FBF11E900AF18C5 /* Debug */ = {
			isa = XCBuildConfiguration;
			baseConfigurationReference = 6481FFE21F53CFA0663B4099 /* Pods-TeamCaring.debug.xcconfig */;
			buildSettings = {
				ASSETCATALOG_COMPILER_APPICON_NAME = AppIcon;
				CODE_SIGN_ENTITLEMENTS = TeamCaring/TeamCaring.entitlements;
				CODE_SIGN_STYLE = Automatic;
				DEVELOPMENT_TEAM = 9566R8MK27;
				INFOPLIST_FILE = TeamCaring/Info.plist;
				IPHONEOS_DEPLOYMENT_TARGET = 9.0;
				LD_RUNPATH_SEARCH_PATHS = "$(inherited) @executable_path/Frameworks";
				PRODUCT_BUNDLE_IDENTIFIER = com.ttth.teammap;
				PRODUCT_NAME = "$(TARGET_NAME)";
				SWIFT_VERSION = 3.0;
				TARGETED_DEVICE_FAMILY = "1,2";
			};
			name = Debug;
		};
		D3865AD01FBF11E900AF18C5 /* Release */ = {
			isa = XCBuildConfiguration;
			baseConfigurationReference = FBF29A3D690156BCDFF82606 /* Pods-TeamCaring.release.xcconfig */;
			buildSettings = {
				ASSETCATALOG_COMPILER_APPICON_NAME = AppIcon;
				CODE_SIGN_ENTITLEMENTS = TeamCaring/TeamCaring.entitlements;
				CODE_SIGN_STYLE = Automatic;
				DEVELOPMENT_TEAM = 9566R8MK27;
				INFOPLIST_FILE = TeamCaring/Info.plist;
				IPHONEOS_DEPLOYMENT_TARGET = 9.0;
				LD_RUNPATH_SEARCH_PATHS = "$(inherited) @executable_path/Frameworks";
				PRODUCT_BUNDLE_IDENTIFIER = com.ttth.teammap;
				PRODUCT_NAME = "$(TARGET_NAME)";
				SWIFT_VERSION = 3.0;
				TARGETED_DEVICE_FAMILY = "1,2";
			};
			name = Release;
		};
/* End XCBuildConfiguration section */

/* Begin XCConfigurationList section */
		D3865AB51FBF11E800AF18C5 /* Build configuration list for PBXProject "TeamCaring" */ = {
			isa = XCConfigurationList;
			buildConfigurations = (
				D3865ACC1FBF11E900AF18C5 /* Debug */,
				D3865ACD1FBF11E900AF18C5 /* Release */,
			);
			defaultConfigurationIsVisible = 0;
			defaultConfigurationName = Release;
		};
		D3865ACE1FBF11E900AF18C5 /* Build configuration list for PBXNativeTarget "TeamCaring" */ = {
			isa = XCConfigurationList;
			buildConfigurations = (
				D3865ACF1FBF11E900AF18C5 /* Debug */,
				D3865AD01FBF11E900AF18C5 /* Release */,
			);
			defaultConfigurationIsVisible = 0;
			defaultConfigurationName = Release;
		};
/* End XCConfigurationList section */
	};
	rootObject = D3865AB21FBF11E800AF18C5 /* Project object */;
}
